// !$*UTF8*$!
{
	archiveVersion = 1;
	classes = {
	};
	objectVersion = 56;
	objects = {

/* Begin PBXBuildFile section */
		AB5C9B522ADBE02E00A358EC /* My_AppApp.swift in Sources */ = {isa = PBXBuildFile; fileRef = AB5C9B512ADBE02E00A358EC /* My_AppApp.swift */; };
		AB5C9B542ADBE02E00A358EC /* ContentView.swift in Sources */ = {isa = PBXBuildFile; fileRef = AB5C9B532ADBE02E00A358EC /* ContentView.swift */; };
		AB5C9B562ADBE02F00A358EC /* Assets.xcassets in Resources */ = {isa = PBXBuildFile; fileRef = AB5C9B552ADBE02F00A358EC /* Assets.xcassets */; };
		AB5C9B592ADBE02F00A358EC /* Preview Assets.xcassets in Resources */ = {isa = PBXBuildFile; fileRef = AB5C9B582ADBE02F00A358EC /* Preview Assets.xcassets */; };
		AB5C9B632ADBE02F00A358EC /* My_AppTests.swift in Sources */ = {isa = PBXBuildFile; fileRef = AB5C9B622ADBE02F00A358EC /* My_AppTests.swift */; };
		AB5C9B6D2ADBE02F00A358EC /* My_AppUITests.swift in Sources */ = {isa = PBXBuildFile; fileRef = AB5C9B6C2ADBE02F00A358EC /* My_AppUITests.swift */; };
		AB5C9B6F2ADBE02F00A358EC /* My_AppUITestsLaunchTests.swift in Sources */ = {isa = PBXBuildFile; fileRef = AB5C9B6E2ADBE02F00A358EC /* My_AppUITestsLaunchTests.swift */; };
		AB5C9B7C2ADBE8AF00A358EC /* ButtonView.swift in Sources */ = {isa = PBXBuildFile; fileRef = AB5C9B7B2ADBE8AF00A358EC /* ButtonView.swift */; };
		AB5C9B802ADBF38700A358EC /* ListView.swift in Sources */ = {isa = PBXBuildFile; fileRef = AB5C9B7F2ADBF38700A358EC /* ListView.swift */; };
		AB5C9B822ADBF7B100A358EC /* NetworkingView.swift in Sources */ = {isa = PBXBuildFile; fileRef = AB5C9B812ADBF7B100A358EC /* NetworkingView.swift */; };
		AB93DBA12ADC8AB500932CBA /* NavigationButtonView.swift in Sources */ = {isa = PBXBuildFile; fileRef = AB93DBA02ADC8AB500932CBA /* NavigationButtonView.swift */; };
/* End PBXBuildFile section */

/* Begin PBXContainerItemProxy section */
		AB5C9B5F2ADBE02F00A358EC /* PBXContainerItemProxy */ = {
			isa = PBXContainerItemProxy;
			containerPortal = AB5C9B462ADBE02E00A358EC /* Project object */;
			proxyType = 1;
			remoteGlobalIDString = AB5C9B4D2ADBE02E00A358EC;
			remoteInfo = "My App";
		};
		AB5C9B692ADBE02F00A358EC /* PBXContainerItemProxy */ = {
			isa = PBXContainerItemProxy;
			containerPortal = AB5C9B462ADBE02E00A358EC /* Project object */;
			proxyType = 1;
			remoteGlobalIDString = AB5C9B4D2ADBE02E00A358EC;
			remoteInfo = "My App";
		};
/* End PBXContainerItemProxy section */

/* Begin PBXFileReference section */
		AB5C9B4E2ADBE02E00A358EC /* My App.app */ = {isa = PBXFileReference; explicitFileType = wrapper.application; includeInIndex = 0; path = "My App.app"; sourceTree = BUILT_PRODUCTS_DIR; };
		AB5C9B512ADBE02E00A358EC /* My_AppApp.swift */ = {isa = PBXFileReference; lastKnownFileType = sourcecode.swift; path = My_AppApp.swift; sourceTree = "<group>"; };
		AB5C9B532ADBE02E00A358EC /* ContentView.swift */ = {isa = PBXFileReference; lastKnownFileType = sourcecode.swift; path = ContentView.swift; sourceTree = "<group>"; };
		AB5C9B552ADBE02F00A358EC /* Assets.xcassets */ = {isa = PBXFileReference; lastKnownFileType = folder.assetcatalog; path = Assets.xcassets; sourceTree = "<group>"; };
		AB5C9B582ADBE02F00A358EC /* Preview Assets.xcassets */ = {isa = PBXFileReference; lastKnownFileType = folder.assetcatalog; path = "Preview Assets.xcassets"; sourceTree = "<group>"; };
		AB5C9B5E2ADBE02F00A358EC /* My AppTests.xctest */ = {isa = PBXFileReference; explicitFileType = wrapper.cfbundle; includeInIndex = 0; path = "My AppTests.xctest"; sourceTree = BUILT_PRODUCTS_DIR; };
		AB5C9B622ADBE02F00A358EC /* My_AppTests.swift */ = {isa = PBXFileReference; lastKnownFileType = sourcecode.swift; path = My_AppTests.swift; sourceTree = "<group>"; };
		AB5C9B682ADBE02F00A358EC /* My AppUITests.xctest */ = {isa = PBXFileReference; explicitFileType = wrapper.cfbundle; includeInIndex = 0; path = "My AppUITests.xctest"; sourceTree = BUILT_PRODUCTS_DIR; };
		AB5C9B6C2ADBE02F00A358EC /* My_AppUITests.swift */ = {isa = PBXFileReference; lastKnownFileType = sourcecode.swift; path = My_AppUITests.swift; sourceTree = "<group>"; };
		AB5C9B6E2ADBE02F00A358EC /* My_AppUITestsLaunchTests.swift */ = {isa = PBXFileReference; lastKnownFileType = sourcecode.swift; path = My_AppUITestsLaunchTests.swift; sourceTree = "<group>"; };
		AB5C9B7B2ADBE8AF00A358EC /* ButtonView.swift */ = {isa = PBXFileReference; lastKnownFileType = sourcecode.swift; path = ButtonView.swift; sourceTree = "<group>"; };
		AB5C9B7F2ADBF38700A358EC /* ListView.swift */ = {isa = PBXFileReference; fileEncoding = 4; lastKnownFileType = sourcecode.swift; name = ListView.swift; path = "My App/ListView.swift"; sourceTree = SOURCE_ROOT; };
		AB5C9B812ADBF7B100A358EC /* NetworkingView.swift */ = {isa = PBXFileReference; lastKnownFileType = sourcecode.swift; path = NetworkingView.swift; sourceTree = "<group>"; };
		AB93DBA02ADC8AB500932CBA /* NavigationButtonView.swift */ = {isa = PBXFileReference; lastKnownFileType = sourcecode.swift; path = NavigationButtonView.swift; sourceTree = "<group>"; };
/* End PBXFileReference section */

/* Begin PBXFrameworksBuildPhase section */
		AB5C9B4B2ADBE02E00A358EC /* Frameworks */ = {
			isa = PBXFrameworksBuildPhase;
			buildActionMask = 2147483647;
			files = (
			);
			runOnlyForDeploymentPostprocessing = 0;
		};
		AB5C9B5B2ADBE02F00A358EC /* Frameworks */ = {
			isa = PBXFrameworksBuildPhase;
			buildActionMask = 2147483647;
			files = (
			);
			runOnlyForDeploymentPostprocessing = 0;
		};
		AB5C9B652ADBE02F00A358EC /* Frameworks */ = {
			isa = PBXFrameworksBuildPhase;
			buildActionMask = 2147483647;
			files = (
			);
			runOnlyForDeploymentPostprocessing = 0;
		};
/* End PBXFrameworksBuildPhase section */

/* Begin PBXGroup section */
		AB5C9B452ADBE02E00A358EC = {
			isa = PBXGroup;
			children = (
				AB5C9B502ADBE02E00A358EC /* My App */,
				AB5C9B612ADBE02F00A358EC /* My AppTests */,
				AB5C9B6B2ADBE02F00A358EC /* My AppUITests */,
				AB5C9B4F2ADBE02E00A358EC /* Products */,
			);
			sourceTree = "<group>";
		};
		AB5C9B4F2ADBE02E00A358EC /* Products */ = {
			isa = PBXGroup;
			children = (
				AB5C9B4E2ADBE02E00A358EC /* My App.app */,
				AB5C9B5E2ADBE02F00A358EC /* My AppTests.xctest */,
				AB5C9B682ADBE02F00A358EC /* My AppUITests.xctest */,
			);
			name = Products;
			sourceTree = "<group>";
		};
		AB5C9B502ADBE02E00A358EC /* My App */ = {
			isa = PBXGroup;
			children = (
				AB5C9B512ADBE02E00A358EC /* My_AppApp.swift */,
				AB5C9B532ADBE02E00A358EC /* ContentView.swift */,
				AB5C9B552ADBE02F00A358EC /* Assets.xcassets */,
				AB5C9B572ADBE02F00A358EC /* Preview Content */,
				AB5C9B7B2ADBE8AF00A358EC /* ButtonView.swift */,
				AB5C9B7F2ADBF38700A358EC /* ListView.swift */,
				AB5C9B812ADBF7B100A358EC /* NetworkingView.swift */,
				AB93DBA02ADC8AB500932CBA /* NavigationButtonView.swift */,
			);
			path = "My App";
			sourceTree = "<group>";
		};
		AB5C9B572ADBE02F00A358EC /* Preview Content */ = {
			isa = PBXGroup;
			children = (
				AB5C9B582ADBE02F00A358EC /* Preview Assets.xcassets */,
			);
			path = "Preview Content";
			sourceTree = "<group>";
		};
		AB5C9B612ADBE02F00A358EC /* My AppTests */ = {
			isa = PBXGroup;
			children = (
				AB5C9B622ADBE02F00A358EC /* My_AppTests.swift */,
			);
			path = "My AppTests";
			sourceTree = "<group>";
		};
		AB5C9B6B2ADBE02F00A358EC /* My AppUITests */ = {
			isa = PBXGroup;
			children = (
				AB5C9B6C2ADBE02F00A358EC /* My_AppUITests.swift */,
				AB5C9B6E2ADBE02F00A358EC /* My_AppUITestsLaunchTests.swift */,
			);
			path = "My AppUITests";
			sourceTree = "<group>";
		};
/* End PBXGroup section */

/* Begin PBXNativeTarget section */
		AB5C9B4D2ADBE02E00A358EC /* My App */ = {
			isa = PBXNativeTarget;
			buildConfigurationList = AB5C9B722ADBE02F00A358EC /* Build configuration list for PBXNativeTarget "My App" */;
			buildPhases = (
				AB5C9B4A2ADBE02E00A358EC /* Sources */,
				AB5C9B4B2ADBE02E00A358EC /* Frameworks */,
				AB5C9B4C2ADBE02E00A358EC /* Resources */,
			);
			buildRules = (
			);
			dependencies = (
			);
			name = "My App";
			productName = "My App";
			productReference = AB5C9B4E2ADBE02E00A358EC /* My App.app */;
			productType = "com.apple.product-type.application";
		};
		AB5C9B5D2ADBE02F00A358EC /* My AppTests */ = {
			isa = PBXNativeTarget;
			buildConfigurationList = AB5C9B752ADBE02F00A358EC /* Build configuration list for PBXNativeTarget "My AppTests" */;
			buildPhases = (
				AB5C9B5A2ADBE02F00A358EC /* Sources */,
				AB5C9B5B2ADBE02F00A358EC /* Frameworks */,
				AB5C9B5C2ADBE02F00A358EC /* Resources */,
			);
			buildRules = (
			);
			dependencies = (
				AB5C9B602ADBE02F00A358EC /* PBXTargetDependency */,
			);
			name = "My AppTests";
			productName = "My AppTests";
			productReference = AB5C9B5E2ADBE02F00A358EC /* My AppTests.xctest */;
			productType = "com.apple.product-type.bundle.unit-test";
		};
		AB5C9B672ADBE02F00A358EC /* My AppUITests */ = {
			isa = PBXNativeTarget;
			buildConfigurationList = AB5C9B782ADBE02F00A358EC /* Build configuration list for PBXNativeTarget "My AppUITests" */;
			buildPhases = (
				AB5C9B642ADBE02F00A358EC /* Sources */,
				AB5C9B652ADBE02F00A358EC /* Frameworks */,
				AB5C9B662ADBE02F00A358EC /* Resources */,
			);
			buildRules = (
			);
			dependencies = (
				AB5C9B6A2ADBE02F00A358EC /* PBXTargetDependency */,
			);
			name = "My AppUITests";
			productName = "My AppUITests";
			productReference = AB5C9B682ADBE02F00A358EC /* My AppUITests.xctest */;
			productType = "com.apple.product-type.bundle.ui-testing";
		};
/* End PBXNativeTarget section */

/* Begin PBXProject section */
		AB5C9B462ADBE02E00A358EC /* Project object */ = {
			isa = PBXProject;
			attributes = {
				BuildIndependentTargetsInParallel = 1;
				LastSwiftUpdateCheck = 1500;
				LastUpgradeCheck = 1500;
				TargetAttributes = {
					AB5C9B4D2ADBE02E00A358EC = {
						CreatedOnToolsVersion = 15.0;
					};
					AB5C9B5D2ADBE02F00A358EC = {
						CreatedOnToolsVersion = 15.0;
						TestTargetID = AB5C9B4D2ADBE02E00A358EC;
					};
					AB5C9B672ADBE02F00A358EC = {
						CreatedOnToolsVersion = 15.0;
						TestTargetID = AB5C9B4D2ADBE02E00A358EC;
					};
				};
			};
			buildConfigurationList = AB5C9B492ADBE02E00A358EC /* Build configuration list for PBXProject "My App" */;
			compatibilityVersion = "Xcode 14.0";
			developmentRegion = en;
			hasScannedForEncodings = 0;
			knownRegions = (
				en,
				Base,
			);
			mainGroup = AB5C9B452ADBE02E00A358EC;
			productRefGroup = AB5C9B4F2ADBE02E00A358EC /* Products */;
			projectDirPath = "";
			projectRoot = "";
			targets = (
				AB5C9B4D2ADBE02E00A358EC /* My App */,
				AB5C9B5D2ADBE02F00A358EC /* My AppTests */,
				AB5C9B672ADBE02F00A358EC /* My AppUITests */,
			);
		};
/* End PBXProject section */

/* Begin PBXResourcesBuildPhase section */
		AB5C9B4C2ADBE02E00A358EC /* Resources */ = {
			isa = PBXResourcesBuildPhase;
			buildActionMask = 2147483647;
			files = (
				AB5C9B592ADBE02F00A358EC /* Preview Assets.xcassets in Resources */,
				AB5C9B562ADBE02F00A358EC /* Assets.xcassets in Resources */,
			);
			runOnlyForDeploymentPostprocessing = 0;
		};
		AB5C9B5C2ADBE02F00A358EC /* Resources */ = {
			isa = PBXResourcesBuildPhase;
			buildActionMask = 2147483647;
			files = (
			);
			runOnlyForDeploymentPostprocessing = 0;
		};
		AB5C9B662ADBE02F00A358EC /* Resources */ = {
			isa = PBXResourcesBuildPhase;
			buildActionMask = 2147483647;
			files = (
			);
			runOnlyForDeploymentPostprocessing = 0;
		};
/* End PBXResourcesBuildPhase section */

/* Begin PBXSourcesBuildPhase section */
		AB5C9B4A2ADBE02E00A358EC /* Sources */ = {
			isa = PBXSourcesBuildPhase;
			buildActionMask = 2147483647;
			files = (
				AB5C9B822ADBF7B100A358EC /* NetworkingView.swift in Sources */,
				AB5C9B802ADBF38700A358EC /* ListView.swift in Sources */,
				AB5C9B542ADBE02E00A358EC /* ContentView.swift in Sources */,
				AB5C9B522ADBE02E00A358EC /* My_AppApp.swift in Sources */,
				AB93DBA12ADC8AB500932CBA /* NavigationButtonView.swift in Sources */,
				AB5C9B7C2ADBE8AF00A358EC /* ButtonView.swift in Sources */,
			);
			runOnlyForDeploymentPostprocessing = 0;
		};
		AB5C9B5A2ADBE02F00A358EC /* Sources */ = {
			isa = PBXSourcesBuildPhase;
			buildActionMask = 2147483647;
			files = (
				AB5C9B632ADBE02F00A358EC /* My_AppTests.swift in Sources */,
			);
			runOnlyForDeploymentPostprocessing = 0;
		};
		AB5C9B642ADBE02F00A358EC /* Sources */ = {
			isa = PBXSourcesBuildPhase;
			buildActionMask = 2147483647;
			files = (
				AB5C9B6F2ADBE02F00A358EC /* My_AppUITestsLaunchTests.swift in Sources */,
				AB5C9B6D2ADBE02F00A358EC /* My_AppUITests.swift in Sources */,
			);
			runOnlyForDeploymentPostprocessing = 0;
		};
/* End PBXSourcesBuildPhase section */

/* Begin PBXTargetDependency section */
		AB5C9B602ADBE02F00A358EC /* PBXTargetDependency */ = {
			isa = PBXTargetDependency;
			target = AB5C9B4D2ADBE02E00A358EC /* My App */;
			targetProxy = AB5C9B5F2ADBE02F00A358EC /* PBXContainerItemProxy */;
		};
		AB5C9B6A2ADBE02F00A358EC /* PBXTargetDependency */ = {
			isa = PBXTargetDependency;
			target = AB5C9B4D2ADBE02E00A358EC /* My App */;
			targetProxy = AB5C9B692ADBE02F00A358EC /* PBXContainerItemProxy */;
		};
/* End PBXTargetDependency section */

/* Begin XCBuildConfiguration section */
		AB5C9B702ADBE02F00A358EC /* Debug */ = {
			isa = XCBuildConfiguration;
			buildSettings = {
				ALWAYS_SEARCH_USER_PATHS = NO;
				ASSETCATALOG_COMPILER_GENERATE_SWIFT_ASSET_SYMBOL_EXTENSIONS = YES;
				CLANG_ANALYZER_NONNULL = YES;
				CLANG_ANALYZER_NUMBER_OBJECT_CONVERSION = YES_AGGRESSIVE;
				CLANG_CXX_LANGUAGE_STANDARD = "gnu++20";
				CLANG_ENABLE_MODULES = YES;
				CLANG_ENABLE_OBJC_ARC = YES;
				CLANG_ENABLE_OBJC_WEAK = YES;
				CLANG_WARN_BLOCK_CAPTURE_AUTORELEASING = YES;
				CLANG_WARN_BOOL_CONVERSION = YES;
				CLANG_WARN_COMMA = YES;
				CLANG_WARN_CONSTANT_CONVERSION = YES;
				CLANG_WARN_DEPRECATED_OBJC_IMPLEMENTATIONS = YES;
				CLANG_WARN_DIRECT_OBJC_ISA_USAGE = YES_ERROR;
				CLANG_WARN_DOCUMENTATION_COMMENTS = YES;
				CLANG_WARN_EMPTY_BODY = YES;
				CLANG_WARN_ENUM_CONVERSION = YES;
				CLANG_WARN_INFINITE_RECURSION = YES;
				CLANG_WARN_INT_CONVERSION = YES;
				CLANG_WARN_NON_LITERAL_NULL_CONVERSION = YES;
				CLANG_WARN_OBJC_IMPLICIT_RETAIN_SELF = YES;
				CLANG_WARN_OBJC_LITERAL_CONVERSION = YES;
				CLANG_WARN_OBJC_ROOT_CLASS = YES_ERROR;
				CLANG_WARN_QUOTED_INCLUDE_IN_FRAMEWORK_HEADER = YES;
				CLANG_WARN_RANGE_LOOP_ANALYSIS = YES;
				CLANG_WARN_STRICT_PROTOTYPES = YES;
				CLANG_WARN_SUSPICIOUS_MOVE = YES;
				CLANG_WARN_UNGUARDED_AVAILABILITY = YES_AGGRESSIVE;
				CLANG_WARN_UNREACHABLE_CODE = YES;
				CLANG_WARN__DUPLICATE_METHOD_MATCH = YES;
				COPY_PHASE_STRIP = NO;
				DEBUG_INFORMATION_FORMAT = dwarf;
				ENABLE_STRICT_OBJC_MSGSEND = YES;
				ENABLE_TESTABILITY = YES;
				ENABLE_USER_SCRIPT_SANDBOXING = YES;
				GCC_C_LANGUAGE_STANDARD = gnu17;
				GCC_DYNAMIC_NO_PIC = NO;
				GCC_NO_COMMON_BLOCKS = YES;
				GCC_OPTIMIZATION_LEVEL = 0;
				GCC_PREPROCESSOR_DEFINITIONS = (
					"DEBUG=1",
					"$(inherited)",
				);
				GCC_WARN_64_TO_32_BIT_CONVERSION = YES;
				GCC_WARN_ABOUT_RETURN_TYPE = YES_ERROR;
				GCC_WARN_UNDECLARED_SELECTOR = YES;
				GCC_WARN_UNINITIALIZED_AUTOS = YES_AGGRESSIVE;
				GCC_WARN_UNUSED_FUNCTION = YES;
				GCC_WARN_UNUSED_VARIABLE = YES;
				IPHONEOS_DEPLOYMENT_TARGET = 17.0;
				LOCALIZATION_PREFERS_STRING_CATALOGS = YES;
				MTL_ENABLE_DEBUG_INFO = INCLUDE_SOURCE;
				MTL_FAST_MATH = YES;
				ONLY_ACTIVE_ARCH = YES;
				SDKROOT = iphoneos;
				SWIFT_ACTIVE_COMPILATION_CONDITIONS = "DEBUG $(inherited)";
				SWIFT_OPTIMIZATION_LEVEL = "-Onone";
			};
			name = Debug;
		};
		AB5C9B712ADBE02F00A358EC /* Release */ = {
			isa = XCBuildConfiguration;
			buildSettings = {
				ALWAYS_SEARCH_USER_PATHS = NO;
				ASSETCATALOG_COMPILER_GENERATE_SWIFT_ASSET_SYMBOL_EXTENSIONS = YES;
				CLANG_ANALYZER_NONNULL = YES;
				CLANG_ANALYZER_NUMBER_OBJECT_CONVERSION = YES_AGGRESSIVE;
				CLANG_CXX_LANGUAGE_STANDARD = "gnu++20";
				CLANG_ENABLE_MODULES = YES;
				CLANG_ENABLE_OBJC_ARC = YES;
				CLANG_ENABLE_OBJC_WEAK = YES;
				CLANG_WARN_BLOCK_CAPTURE_AUTORELEASING = YES;
				CLANG_WARN_BOOL_CONVERSION = YES;
				CLANG_WARN_COMMA = YES;
				CLANG_WARN_CONSTANT_CONVERSION = YES;
				CLANG_WARN_DEPRECATED_OBJC_IMPLEMENTATIONS = YES;
				CLANG_WARN_DIRECT_OBJC_ISA_USAGE = YES_ERROR;
				CLANG_WARN_DOCUMENTATION_COMMENTS = YES;
				CLANG_WARN_EMPTY_BODY = YES;
				CLANG_WARN_ENUM_CONVERSION = YES;
				CLANG_WARN_INFINITE_RECURSION = YES;
				CLANG_WARN_INT_CONVERSION = YES;
				CLANG_WARN_NON_LITERAL_NULL_CONVERSION = YES;
				CLANG_WARN_OBJC_IMPLICIT_RETAIN_SELF = YES;
				CLANG_WARN_OBJC_LITERAL_CONVERSION = YES;
				CLANG_WARN_OBJC_ROOT_CLASS = YES_ERROR;
				CLANG_WARN_QUOTED_INCLUDE_IN_FRAMEWORK_HEADER = YES;
				CLANG_WARN_RANGE_LOOP_ANALYSIS = YES;
				CLANG_WARN_STRICT_PROTOTYPES = YES;
				CLANG_WARN_SUSPICIOUS_MOVE = YES;
				CLANG_WARN_UNGUARDED_AVAILABILITY = YES_AGGRESSIVE;
				CLANG_WARN_UNREACHABLE_CODE = YES;
				CLANG_WARN__DUPLICATE_METHOD_MATCH = YES;
				COPY_PHASE_STRIP = NO;
				DEBUG_INFORMATION_FORMAT = "dwarf-with-dsym";
				ENABLE_NS_ASSERTIONS = NO;
				ENABLE_STRICT_OBJC_MSGSEND = YES;
				ENABLE_USER_SCRIPT_SANDBOXING = YES;
				GCC_C_LANGUAGE_STANDARD = gnu17;
				GCC_NO_COMMON_BLOCKS = YES;
				GCC_WARN_64_TO_32_BIT_CONVERSION = YES;
				GCC_WARN_ABOUT_RETURN_TYPE = YES_ERROR;
				GCC_WARN_UNDECLARED_SELECTOR = YES;
				GCC_WARN_UNINITIALIZED_AUTOS = YES_AGGRESSIVE;
				GCC_WARN_UNUSED_FUNCTION = YES;
				GCC_WARN_UNUSED_VARIABLE = YES;
				IPHONEOS_DEPLOYMENT_TARGET = 17.0;
				LOCALIZATION_PREFERS_STRING_CATALOGS = YES;
				MTL_ENABLE_DEBUG_INFO = NO;
				MTL_FAST_MATH = YES;
				SDKROOT = iphoneos;
				SWIFT_COMPILATION_MODE = wholemodule;
				VALIDATE_PRODUCT = YES;
			};
			name = Release;
		};
		AB5C9B732ADBE02F00A358EC /* Debug */ = {
			isa = XCBuildConfiguration;
			buildSettings = {
				ASSETCATALOG_COMPILER_APPICON_NAME = AppIcon;
				ASSETCATALOG_COMPILER_GLOBAL_ACCENT_COLOR_NAME = AccentColor;
				CODE_SIGN_STYLE = Automatic;
				CURRENT_PROJECT_VERSION = 1;
				DEVELOPMENT_ASSET_PATHS = "\"My App/Preview Content\"";
				ENABLE_PREVIEWS = YES;
				GENERATE_INFOPLIST_FILE = YES;
				INFOPLIST_KEY_UIApplicationSceneManifest_Generation = YES;
				INFOPLIST_KEY_UIApplicationSupportsIndirectInputEvents = YES;
				INFOPLIST_KEY_UILaunchScreen_Generation = YES;
				INFOPLIST_KEY_UISupportedInterfaceOrientations_iPad = "UIInterfaceOrientationPortrait UIInterfaceOrientationPortraitUpsideDown UIInterfaceOrientationLandscapeLeft UIInterfaceOrientationLandscapeRight";
				INFOPLIST_KEY_UISupportedInterfaceOrientations_iPhone = "UIInterfaceOrientationPortrait UIInterfaceOrientationLandscapeLeft UIInterfaceOrientationLandscapeRight";
				LD_RUNPATH_SEARCH_PATHS = (
					"$(inherited)",
					"@executable_path/Frameworks",
				);
				MARKETING_VERSION = 1.0;
				PRODUCT_BUNDLE_IDENTIFIER = "com.irfan.My-App";
				PRODUCT_NAME = "$(TARGET_NAME)";
				SWIFT_EMIT_LOC_STRINGS = YES;
				SWIFT_VERSION = 5.0;
				TARGETED_DEVICE_FAMILY = "1,2";
			};
			name = Debug;
		};
		AB5C9B742ADBE02F00A358EC /* Release */ = {
			isa = XCBuildConfiguration;
			buildSettings = {
				ASSETCATALOG_COMPILER_APPICON_NAME = AppIcon;
				ASSETCATALOG_COMPILER_GLOBAL_ACCENT_COLOR_NAME = AccentColor;
				CODE_SIGN_STYLE = Automatic;
				CURRENT_PROJECT_VERSION = 1;
				DEVELOPMENT_ASSET_PATHS = "\"My App/Preview Content\"";
				ENABLE_PREVIEWS = YES;
				GENERATE_INFOPLIST_FILE = YES;
				INFOPLIST_KEY_UIApplicationSceneManifest_Generation = YES;
				INFOPLIST_KEY_UIApplicationSupportsIndirectInputEvents = YES;
				INFOPLIST_KEY_UILaunchScreen_Generation = YES;
				INFOPLIST_KEY_UISupportedInterfaceOrientations_iPad = "UIInterfaceOrientationPortrait UIInterfaceOrientationPortraitUpsideDown UIInterfaceOrientationLandscapeLeft UIInterfaceOrientationLandscapeRight";
				INFOPLIST_KEY_UISupportedInterfaceOrientations_iPhone = "UIInterfaceOrientationPortrait UIInterfaceOrientationLandscapeLeft UIInterfaceOrientationLandscapeRight";
				LD_RUNPATH_SEARCH_PATHS = (
					"$(inherited)",
					"@executable_path/Frameworks",
				);
				MARKETING_VERSION = 1.0;
				PRODUCT_BUNDLE_IDENTIFIER = "com.irfan.My-App";
				PRODUCT_NAME = "$(TARGET_NAME)";
				SWIFT_EMIT_LOC_STRINGS = YES;
				SWIFT_VERSION = 5.0;
				TARGETED_DEVICE_FAMILY = "1,2";
			};
			name = Release;
		};
		AB5C9B762ADBE02F00A358EC /* Debug */ = {
			isa = XCBuildConfiguration;
			buildSettings = {
				ALWAYS_EMBED_SWIFT_STANDARD_LIBRARIES = YES;
				BUNDLE_LOADER = "$(TEST_HOST)";
				CODE_SIGN_STYLE = Automatic;
				CURRENT_PROJECT_VERSION = 1;
				GENERATE_INFOPLIST_FILE = YES;
				IPHONEOS_DEPLOYMENT_TARGET = 17.0;
				MARKETING_VERSION = 1.0;
				PRODUCT_BUNDLE_IDENTIFIER = "com.irfan.My-AppTests";
				PRODUCT_NAME = "$(TARGET_NAME)";
				SWIFT_EMIT_LOC_STRINGS = NO;
				SWIFT_VERSION = 5.0;
				TARGETED_DEVICE_FAMILY = "1,2";
				TEST_HOST = "$(BUILT_PRODUCTS_DIR)/My App.app/$(BUNDLE_EXECUTABLE_FOLDER_PATH)/My App";
			};
			name = Debug;
		};
		AB5C9B772ADBE02F00A358EC /* Release */ = {
			isa = XCBuildConfiguration;
			buildSettings = {
				ALWAYS_EMBED_SWIFT_STANDARD_LIBRARIES = YES;
				BUNDLE_LOADER = "$(TEST_HOST)";
				CODE_SIGN_STYLE = Automatic;
				CURRENT_PROJECT_VERSION = 1;
				GENERATE_INFOPLIST_FILE = YES;
				IPHONEOS_DEPLOYMENT_TARGET = 17.0;
				MARKETING_VERSION = 1.0;
				PRODUCT_BUNDLE_IDENTIFIER = "com.irfan.My-AppTests";
				PRODUCT_NAME = "$(TARGET_NAME)";
				SWIFT_EMIT_LOC_STRINGS = NO;
				SWIFT_VERSION = 5.0;
				TARGETED_DEVICE_FAMILY = "1,2";
				TEST_HOST = "$(BUILT_PRODUCTS_DIR)/My App.app/$(BUNDLE_EXECUTABLE_FOLDER_PATH)/My App";
			};
			name = Release;
		};
		AB5C9B792ADBE02F00A358EC /* Debug */ = {
			isa = XCBuildConfiguration;
			buildSettings = {
				ALWAYS_EMBED_SWIFT_STANDARD_LIBRARIES = YES;
				CODE_SIGN_STYLE = Automatic;
				CURRENT_PROJECT_VERSION = 1;
				GENERATE_INFOPLIST_FILE = YES;
				MARKETING_VERSION = 1.0;
				PRODUCT_BUNDLE_IDENTIFIER = "com.irfan.My-AppUITests";
				PRODUCT_NAME = "$(TARGET_NAME)";
				SWIFT_EMIT_LOC_STRINGS = NO;
				SWIFT_VERSION = 5.0;
				TARGETED_DEVICE_FAMILY = "1,2";
				TEST_TARGET_NAME = "My App";
			};
			name = Debug;
		};
		AB5C9B7A2ADBE02F00A358EC /* Release */ = {
			isa = XCBuildConfiguration;
			buildSettings = {
				ALWAYS_EMBED_SWIFT_STANDARD_LIBRARIES = YES;
				CODE_SIGN_STYLE = Automatic;
				CURRENT_PROJECT_VERSION = 1;
				GENERATE_INFOPLIST_FILE = YES;
				MARKETING_VERSION = 1.0;
				PRODUCT_BUNDLE_IDENTIFIER = "com.irfan.My-AppUITests";
				PRODUCT_NAME = "$(TARGET_NAME)";
				SWIFT_EMIT_LOC_STRINGS = NO;
				SWIFT_VERSION = 5.0;
				TARGETED_DEVICE_FAMILY = "1,2";
				TEST_TARGET_NAME = "My App";
			};
			name = Release;
		};
/* End XCBuildConfiguration section */

/* Begin XCConfigurationList section */
		AB5C9B492ADBE02E00A358EC /* Build configuration list for PBXProject "My App" */ = {
			isa = XCConfigurationList;
			buildConfigurations = (
				AB5C9B702ADBE02F00A358EC /* Debug */,
				AB5C9B712ADBE02F00A358EC /* Release */,
			);
			defaultConfigurationIsVisible = 0;
			defaultConfigurationName = Release;
		};
		AB5C9B722ADBE02F00A358EC /* Build configuration list for PBXNativeTarget "My App" */ = {
			isa = XCConfigurationList;
			buildConfigurations = (
				AB5C9B732ADBE02F00A358EC /* Debug */,
				AB5C9B742ADBE02F00A358EC /* Release */,
			);
			defaultConfigurationIsVisible = 0;
			defaultConfigurationName = Release;
		};
		AB5C9B752ADBE02F00A358EC /* Build configuration list for PBXNativeTarget "My AppTests" */ = {
			isa = XCConfigurationList;
			buildConfigurations = (
				AB5C9B762ADBE02F00A358EC /* Debug */,
				AB5C9B772ADBE02F00A358EC /* Release */,
			);
			defaultConfigurationIsVisible = 0;
			defaultConfigurationName = Release;
		};
		AB5C9B782ADBE02F00A358EC /* Build configuration list for PBXNativeTarget "My AppUITests" */ = {
			isa = XCConfigurationList;
			buildConfigurations = (
				AB5C9B792ADBE02F00A358EC /* Debug */,
				AB5C9B7A2ADBE02F00A358EC /* Release */,
			);
			defaultConfigurationIsVisible = 0;
			defaultConfigurationName = Release;
		};
/* End XCConfigurationList section */
	};
	rootObject = AB5C9B462ADBE02E00A358EC /* Project object */;
}
